
Microsoft Visual Studio Solution File, Format Version 12.00
# Visual Studio Version 17
VisualStudioVersion = 17.6.33829.357
MinimumVisualStudioVersion = 10.0.40219.1
Project("{9A19103F-16F7-4668-BE54-9A1E7A4F7556}") = "DeveloperCommunity10431757Repro", "DeveloperCommunity10431757Repro\DeveloperCommunity10431757Repro.csproj", "{163C08EB-B676-481D-BF3F-FA79D121F48A}"
EndProject
Global
	GlobalSection(SolutionConfigurationPlatforms) = preSolution
		Debug|Any CPU = Debug|Any CPU
		Release|Any CPU = Release|Any CPU
	EndGlobalSection
	GlobalSection(ProjectConfigurationPlatforms) = postSolution
		{163C08EB-B676-481D-BF3F-FA79D121F48A}.Debug|Any CPU.ActiveCfg = Debug|Any CPU
		{163C08EB-B676-481D-BF3F-FA79D121F48A}.Debug|Any CPU.Build.0 = Debug|Any CPU
		{163C08EB-B676-481D-BF3F-FA79D121F48A}.Release|Any CPU.ActiveCfg = Release|Any CPU
		{163C08EB-B676-481D-BF3F-FA79D121F48A}.Release|Any CPU.Build.0 = Release|Any CPU
	EndGlobalSection
	GlobalSection(SolutionProperties) = preSolution
		HideSolutionNode = FALSE
	EndGlobalSection
	GlobalSection(ExtensibilityGlobals) = postSolution
		SolutionGuid = {DAAB1A24-5197-496F-A5D0-B6EFFE53B710}
	EndGlobalSection
EndGlobal
